
Microsoft Visual Studio Solution File, Format Version 12.00
# Visual Studio Version 16
VisualStudioVersion = 16.0.29609.76
MinimumVisualStudioVersion = 10.0.40219.1
Project("{2150E333-8FDC-42A3-9474-1A3956D46DE8}") = "src", "src", "{E62F9E5D-F620-4723-8704-48CA34161506}"
EndProject
Project("{2150E333-8FDC-42A3-9474-1A3956D46DE8}") = "Singleton", "Singleton", "{92AA2951-09D4-47C4-88B5-1685A832D465}"
	ProjectSection(SolutionItems) = preProject
		src\Singleton\Singleton.cpp = src\Singleton\Singleton.cpp
		src\Singleton\Singleton.h = src\Singleton\Singleton.h
		src\Singleton\singleton_base.h = src\Singleton\singleton_base.h
		src\Singleton\SingletonBase.h = src\Singleton\SingletonBase.h
	EndProjectSection
EndProject
Project("{2150E333-8FDC-42A3-9474-1A3956D46DE8}") = "Container", "Container", "{107CEA2F-E36F-4038-8014-5A3B8AD5C3E3}"
	ProjectSection(SolutionItems) = preProject
		src\Container\any_test.h = src\Container\any_test.h
		src\Container\array_test.h = src\Container\array_test.h
		src\Container\circular_buffer_test.h = src\Container\circular_buffer_test.h
		src\Container\dynamic_bitset_test.h = src\Container\dynamic_bitset_test.h
		src\Container\multi_array_test.h = src\Container\multi_array_test.h
		src\Container\multi_index_container_test.h = src\Container\multi_index_container_test.h
		src\Container\priority_quene_test.h = src\Container\priority_quene_test.h
	EndProjectSection
EndProject
Project("{2150E333-8FDC-42A3-9474-1A3956D46DE8}") = "CustomContainer", "CustomContainer", "{EAD1AD7B-6050-4AB8-8E7C-7F229A0F4D5E}"
	ProjectSection(SolutionItems) = preProject
		src\CustomContainer\linked_hash_map.h = src\CustomContainer\linked_hash_map.h
		src\CustomContainer\linked_hash_map_deprecated.h = src\CustomContainer\linked_hash_map_deprecated.h
		src\CustomContainer\linked_hash_map_helper.h = src\CustomContainer\linked_hash_map_helper.h
		src\CustomContainer\powerful_priority_linked_hash_map.h = src\CustomContainer\powerful_priority_linked_hash_map.h
		src\CustomContainer\priority_linked_hash_map.h = src\CustomContainer\priority_linked_hash_map.h
		src\CustomContainer\priority_linked_hash_map____old.h = src\CustomContainer\priority_linked_hash_map____old.h
		src\CustomContainer\simple_priority_linked_hash_map.h = src\CustomContainer\simple_priority_linked_hash_map.h
	EndProjectSection
EndProject
Project("{2150E333-8FDC-42A3-9474-1A3956D46DE8}") = "test", "test", "{2D9C9FF8-6EBC-43F4-A7F4-3BA10D114758}"
	ProjectSection(SolutionItems) = preProject
		src\CustomContainer\test\linked_hash_map_copy.h = src\CustomContainer\test\linked_hash_map_copy.h
		src\CustomContainer\test\linked_hash_map_test.h = src\CustomContainer\test\linked_hash_map_test.h
		src\CustomContainer\test\priority_linked_hash_map_test.h = src\CustomContainer\test\priority_linked_hash_map_test.h
		src\CustomContainer\test\test_.h = src\CustomContainer\test\test_.h
		src\CustomContainer\test\try_copy.h = src\CustomContainer\test\try_copy.h
	EndProjectSection
EndProject
Project("{8BC9CEB8-8B4A-11D0-8D11-00A0C91BC942}") = "TestContainer", "TestContainer\TestContainer.vcxproj", "{E00796CA-DC19-4D73-9163-53C8A26259D2}"
EndProject
Global
	GlobalSection(SolutionConfigurationPlatforms) = preSolution
		Debug|x64 = Debug|x64
		Debug|x86 = Debug|x86
		Release|x64 = Release|x64
		Release|x86 = Release|x86
	EndGlobalSection
	GlobalSection(ProjectConfigurationPlatforms) = postSolution
		{E00796CA-DC19-4D73-9163-53C8A26259D2}.Debug|x64.ActiveCfg = Debug|x64
		{E00796CA-DC19-4D73-9163-53C8A26259D2}.Debug|x64.Build.0 = Debug|x64
		{E00796CA-DC19-4D73-9163-53C8A26259D2}.Debug|x86.ActiveCfg = Debug|Win32
		{E00796CA-DC19-4D73-9163-53C8A26259D2}.Debug|x86.Build.0 = Debug|Win32
		{E00796CA-DC19-4D73-9163-53C8A26259D2}.Release|x64.ActiveCfg = Release|x64
		{E00796CA-DC19-4D73-9163-53C8A26259D2}.Release|x64.Build.0 = Release|x64
		{E00796CA-DC19-4D73-9163-53C8A26259D2}.Release|x86.ActiveCfg = Release|Win32
		{E00796CA-DC19-4D73-9163-53C8A26259D2}.Release|x86.Build.0 = Release|Win32
	EndGlobalSection
	GlobalSection(SolutionProperties) = preSolution
		HideSolutionNode = FALSE
	EndGlobalSection
	GlobalSection(NestedProjects) = preSolution
		{92AA2951-09D4-47C4-88B5-1685A832D465} = {E62F9E5D-F620-4723-8704-48CA34161506}
		{107CEA2F-E36F-4038-8014-5A3B8AD5C3E3} = {E62F9E5D-F620-4723-8704-48CA34161506}
		{EAD1AD7B-6050-4AB8-8E7C-7F229A0F4D5E} = {E62F9E5D-F620-4723-8704-48CA34161506}
		{2D9C9FF8-6EBC-43F4-A7F4-3BA10D114758} = {EAD1AD7B-6050-4AB8-8E7C-7F229A0F4D5E}
	EndGlobalSection
	GlobalSection(ExtensibilityGlobals) = postSolution
		SolutionGuid = {5ED1E782-F67E-44E8-8FAD-810A49BB512B}
	EndGlobalSection
EndGlobal
